{
  "name": "betterify",
  "lockfileVersion": 3,
  "requires": true,
  "packages": {
    "": {
      "dependencies": {
        "lastfm-node-client": "^2.2.0"
      }
    },
    "node_modules/lastfm-node-client": {
      "version": "2.2.0",
      "resolved": "https://registry.npmjs.org/lastfm-node-client/-/lastfm-node-client-2.2.0.tgz",
      "integrity": "sha512-nhHxrRPaNKIJnEuRov68HGjQRAFel2UWnG86ieQAklaVOdBciC6DO0vajZjzPZGqwvUAxQzDHPsp2ceDOtKW2w==",
      "license": "MIT",
      "engines": {
        "node": ">=8.10.0"
      }
    }
  }
}
